
Microsoft Visual Studio Solution File, Format Version 12.00
# Visual Studio 15
VisualStudioVersion = 15.0.27428.2027
MinimumVisualStudioVersion = 10.0.40219.1
Project("{FAE04EC0-301F-11D3-BF4B-00C04F79EFBC}") = "DatabaseMenu", "DatabaseMenu\DatabaseMenu.csproj", "{0CE44C43-FB95-4C7F-8105-59052189F9CA}"
EndProject
Global
	GlobalSection(SolutionConfigurationPlatforms) = preSolution
		Debug|Any CPU = Debug|Any CPU
		Release|Any CPU = Release|Any CPU
	EndGlobalSection
	GlobalSection(ProjectConfigurationPlatforms) = postSolution
		{0CE44C43-FB95-4C7F-8105-59052189F9CA}.Debug|Any CPU.ActiveCfg = Debug|Any CPU
		{0CE44C43-FB95-4C7F-8105-59052189F9CA}.Debug|Any CPU.Build.0 = Debug|Any CPU
		{0CE44C43-FB95-4C7F-8105-59052189F9CA}.Release|Any CPU.ActiveCfg = Release|Any CPU
		{0CE44C43-FB95-4C7F-8105-59052189F9CA}.Release|Any CPU.Build.0 = Release|Any CPU
	EndGlobalSection
	GlobalSection(SolutionProperties) = preSolution
		HideSolutionNode = FALSE
	EndGlobalSection
	GlobalSection(ExtensibilityGlobals) = postSolution
		SolutionGuid = {7C7298CF-507C-43FF-A5EF-FCC6EEF30BF7}
	EndGlobalSection
EndGlobal
